// !$*UTF8*$!
{
	archiveVersion = 1;
	classes = {
	};
	objectVersion = 55;
	objects = {

/* Begin PBXBuildFile section */
		040BBAB128CF9AB700F8E2F6 /* Paddle.xcdatamodeld in Sources */ = {isa = PBXBuildFile; fileRef = 040BBAAF28CF9AB700F8E2F6 /* Paddle.xcdatamodeld */; };
		040BBAB728CFC65A00F8E2F6 /* Haptics.swift in Sources */ = {isa = PBXBuildFile; fileRef = 040BBAB628CFC65A00F8E2F6 /* Haptics.swift */; };
		040BBABA28CFCA9200F8E2F6 /* EditFeatureView.swift in Sources */ = {isa = PBXBuildFile; fileRef = 040BBAB928CFCA9200F8E2F6 /* EditFeatureView.swift */; };
		040BBABC28CFCA9B00F8E2F6 /* EditFeatureVM.swift in Sources */ = {isa = PBXBuildFile; fileRef = 040BBABB28CFCA9B00F8E2F6 /* EditFeatureVM.swift */; };
		040BBABE28CFCAE500F8E2F6 /* MapBox.swift in Sources */ = {isa = PBXBuildFile; fileRef = 040BBABD28CFCAE500F8E2F6 /* MapBox.swift */; };
		040BBAC028CFD22200F8E2F6 /* FeatureTypeRow.swift in Sources */ = {isa = PBXBuildFile; fileRef = 040BBABF28CFD22200F8E2F6 /* FeatureTypeRow.swift */; };
		040BBAC228D11BC300F8E2F6 /* View.swift in Sources */ = {isa = PBXBuildFile; fileRef = 040BBAC128D11BC300F8E2F6 /* View.swift */; };
		040BBAC428D128D200F8E2F6 /* Blur.swift in Sources */ = {isa = PBXBuildFile; fileRef = 040BBAC328D128D200F8E2F6 /* Blur.swift */; };
		040BBAC628D12FC400F8E2F6 /* FeatureView.swift in Sources */ = {isa = PBXBuildFile; fileRef = 040BBAC528D12FC400F8E2F6 /* FeatureView.swift */; };
		040BBAC828D274E600F8E2F6 /* Launch Screen.storyboard in Resources */ = {isa = PBXBuildFile; fileRef = 040BBAC728D274E600F8E2F6 /* Launch Screen.storyboard */; };
		040BBACD28D28A8100F8E2F6 /* SearchBar.swift in Sources */ = {isa = PBXBuildFile; fileRef = 040BBACC28D28A8100F8E2F6 /* SearchBar.swift */; };
		040BBAD128D3D02500F8E2F6 /* CanalTitle.swift in Sources */ = {isa = PBXBuildFile; fileRef = 040BBAD028D3D02500F8E2F6 /* CanalTitle.swift */; };
		041A58B128D73D0A0056D79C /* InfoView.swift in Sources */ = {isa = PBXBuildFile; fileRef = 041A58B028D73D0A0056D79C /* InfoView.swift */; };
		041A58B428D73D2D0056D79C /* ShareView.swift in Sources */ = {isa = PBXBuildFile; fileRef = 041A58B328D73D2D0056D79C /* ShareView.swift */; };
		041A58BF28DB27380056D79C /* Weirs.json in Resources */ = {isa = PBXBuildFile; fileRef = 041A58BD28DB27380056D79C /* Weirs.json */; };
		041A58C028DB27380056D79C /* Locks.json in Resources */ = {isa = PBXBuildFile; fileRef = 041A58BE28DB27380056D79C /* Locks.json */; };
		041A58C228DB28640056D79C /* Polyline.swift in Sources */ = {isa = PBXBuildFile; fileRef = 041A58C128DB28640056D79C /* Polyline.swift */; };
		041A58C428DB30C60056D79C /* Canals.json in Resources */ = {isa = PBXBuildFile; fileRef = 041A58C328DB30C60056D79C /* Canals.json */; };
		0435E85B28DFB47F0063A048 /* DistanceLabel.swift in Sources */ = {isa = PBXBuildFile; fileRef = 0435E85A28DFB47F0063A048 /* DistanceLabel.swift */; };
		0435E85D28E07A080063A048 /* Double.swift in Sources */ = {isa = PBXBuildFile; fileRef = 0435E85C28E07A080063A048 /* Double.swift */; };
		0490E1D428CDE86B0061FBF3 /* PaddleApp.swift in Sources */ = {isa = PBXBuildFile; fileRef = 0490E1D328CDE86B0061FBF3 /* PaddleApp.swift */; };
		0490E1D828CDE86C0061FBF3 /* Assets.xcassets in Resources */ = {isa = PBXBuildFile; fileRef = 0490E1D728CDE86C0061FBF3 /* Assets.xcassets */; };
		0490E21F28CDF0B20061FBF3 /* RootView.swift in Sources */ = {isa = PBXBuildFile; fileRef = 0490E21E28CDF0B20061FBF3 /* RootView.swift */; };
		0490E22128CDF0CB0061FBF3 /* ViewModel.swift in Sources */ = {isa = PBXBuildFile; fileRef = 0490E22028CDF0CB0061FBF3 /* ViewModel.swift */; };
		0490E22328CDF1130061FBF3 /* MapView.swift in Sources */ = {isa = PBXBuildFile; fileRef = 0490E22228CDF1130061FBF3 /* MapView.swift */; };
		0490E22728CDF36D0061FBF3 /* Collection.swift in Sources */ = {isa = PBXBuildFile; fileRef = 0490E22628CDF36D0061FBF3 /* Collection.swift */; };
		0490E23128CDFF230061FBF3 /* MKMultiPoint.swift in Sources */ = {isa = PBXBuildFile; fileRef = 0490E23028CDFF230061FBF3 /* MKMultiPoint.swift */; };
		0490E24A28CE52F00061FBF3 /* Canal.swift in Sources */ = {isa = PBXBuildFile; fileRef = 0490E24928CE52F00061FBF3 /* Canal.swift */; };
		0490E24D28CE55070061FBF3 /* Row.swift in Sources */ = {isa = PBXBuildFile; fileRef = 0490E24C28CE55070061FBF3 /* Row.swift */; };
		0490E24F28CE585D0061FBF3 /* FloatingButtons.swift in Sources */ = {isa = PBXBuildFile; fileRef = 0490E24E28CE585D0061FBF3 /* FloatingButtons.swift */; };
		0490E25128CE6DBA0061FBF3 /* CLLocationCoordinate2D.swift in Sources */ = {isa = PBXBuildFile; fileRef = 0490E25028CE6DBA0061FBF3 /* CLLocationCoordinate2D.swift */; };
		0490E25828CE77DF0061FBF3 /* Feature.swift in Sources */ = {isa = PBXBuildFile; fileRef = 0490E25728CE77DF0061FBF3 /* Feature.swift */; };
		0490E26028CE7F140061FBF3 /* NSObject.swift in Sources */ = {isa = PBXBuildFile; fileRef = 0490E25F28CE7F140061FBF3 /* NSObject.swift */; };
		04E885FC28D5233400493649 /* Annotation.swift in Sources */ = {isa = PBXBuildFile; fileRef = 04E885FB28D5233400493649 /* Annotation.swift */; };
		04E885FE28D5C55000493649 /* Speed.swift in Sources */ = {isa = PBXBuildFile; fileRef = 04E885FD28D5C55000493649 /* Speed.swift */; };
/* End PBXBuildFile section */

/* Begin PBXFileReference section */
		040BBAB028CF9AB700F8E2F6 /* Main.xcdatamodel */ = {isa = PBXFileReference; lastKnownFileType = wrapper.xcdatamodel; path = Main.xcdatamodel; sourceTree = "<group>"; };
		040BBAB628CFC65A00F8E2F6 /* Haptics.swift */ = {isa = PBXFileReference; lastKnownFileType = sourcecode.swift; path = Haptics.swift; sourceTree = "<group>"; };
		040BBAB928CFCA9200F8E2F6 /* EditFeatureView.swift */ = {isa = PBXFileReference; lastKnownFileType = sourcecode.swift; path = EditFeatureView.swift; sourceTree = "<group>"; };
		040BBABB28CFCA9B00F8E2F6 /* EditFeatureVM.swift */ = {isa = PBXFileReference; lastKnownFileType = sourcecode.swift; path = EditFeatureVM.swift; sourceTree = "<group>"; };
		040BBABD28CFCAE500F8E2F6 /* MapBox.swift */ = {isa = PBXFileReference; lastKnownFileType = sourcecode.swift; path = MapBox.swift; sourceTree = "<group>"; };
		040BBABF28CFD22200F8E2F6 /* FeatureTypeRow.swift */ = {isa = PBXFileReference; lastKnownFileType = sourcecode.swift; path = FeatureTypeRow.swift; sourceTree = "<group>"; };
		040BBAC128D11BC300F8E2F6 /* View.swift */ = {isa = PBXFileReference; fileEncoding = 4; lastKnownFileType = sourcecode.swift; path = View.swift; sourceTree = "<group>"; };
		040BBAC328D128D200F8E2F6 /* Blur.swift */ = {isa = PBXFileReference; fileEncoding = 4; lastKnownFileType = sourcecode.swift; path = Blur.swift; sourceTree = "<group>"; };
		040BBAC528D12FC400F8E2F6 /* FeatureView.swift */ = {isa = PBXFileReference; lastKnownFileType = sourcecode.swift; path = FeatureView.swift; sourceTree = "<group>"; };
		040BBAC728D274E600F8E2F6 /* Launch Screen.storyboard */ = {isa = PBXFileReference; lastKnownFileType = file.storyboard; path = "Launch Screen.storyboard"; sourceTree = "<group>"; };
		040BBAC928D2777000F8E2F6 /* Info.plist */ = {isa = PBXFileReference; lastKnownFileType = text.plist; path = Info.plist; sourceTree = "<group>"; };
		040BBACC28D28A8100F8E2F6 /* SearchBar.swift */ = {isa = PBXFileReference; lastKnownFileType = sourcecode.swift; path = SearchBar.swift; sourceTree = "<group>"; };
		040BBAD028D3D02500F8E2F6 /* CanalTitle.swift */ = {isa = PBXFileReference; lastKnownFileType = sourcecode.swift; path = CanalTitle.swift; sourceTree = "<group>"; };
		041A58B028D73D0A0056D79C /* InfoView.swift */ = {isa = PBXFileReference; fileEncoding = 4; lastKnownFileType = sourcecode.swift; path = InfoView.swift; sourceTree = "<group>"; };
		041A58B328D73D2D0056D79C /* ShareView.swift */ = {isa = PBXFileReference; fileEncoding = 4; lastKnownFileType = sourcecode.swift; path = ShareView.swift; sourceTree = "<group>"; };
		041A58BD28DB27380056D79C /* Weirs.json */ = {isa = PBXFileReference; fileEncoding = 4; lastKnownFileType = text.json; path = Weirs.json; sourceTree = "<group>"; };
		041A58BE28DB27380056D79C /* Locks.json */ = {isa = PBXFileReference; fileEncoding = 4; lastKnownFileType = text.json; path = Locks.json; sourceTree = "<group>"; };
		041A58C128DB28640056D79C /* Polyline.swift */ = {isa = PBXFileReference; lastKnownFileType = sourcecode.swift; path = Polyline.swift; sourceTree = "<group>"; };
		041A58C328DB30C60056D79C /* Canals.json */ = {isa = PBXFileReference; fileEncoding = 4; lastKnownFileType = text.json; path = Canals.json; sourceTree = "<group>"; };
		0435E85A28DFB47F0063A048 /* DistanceLabel.swift */ = {isa = PBXFileReference; lastKnownFileType = sourcecode.swift; path = DistanceLabel.swift; sourceTree = "<group>"; };
		0435E85C28E07A080063A048 /* Double.swift */ = {isa = PBXFileReference; lastKnownFileType = sourcecode.swift; path = Double.swift; sourceTree = "<group>"; };
		0490E1D028CDE86B0061FBF3 /* Paddle.app */ = {isa = PBXFileReference; explicitFileType = wrapper.application; includeInIndex = 0; path = Paddle.app; sourceTree = BUILT_PRODUCTS_DIR; };
		0490E1D328CDE86B0061FBF3 /* PaddleApp.swift */ = {isa = PBXFileReference; lastKnownFileType = sourcecode.swift; path = PaddleApp.swift; sourceTree = "<group>"; };
		0490E1D728CDE86C0061FBF3 /* Assets.xcassets */ = {isa = PBXFileReference; lastKnownFileType = folder.assetcatalog; path = Assets.xcassets; sourceTree = "<group>"; };
		0490E21E28CDF0B20061FBF3 /* RootView.swift */ = {isa = PBXFileReference; lastKnownFileType = sourcecode.swift; path = RootView.swift; sourceTree = "<group>"; };
		0490E22028CDF0CB0061FBF3 /* ViewModel.swift */ = {isa = PBXFileReference; lastKnownFileType = sourcecode.swift; path = ViewModel.swift; sourceTree = "<group>"; };
		0490E22228CDF1130061FBF3 /* MapView.swift */ = {isa = PBXFileReference; lastKnownFileType = sourcecode.swift; path = MapView.swift; sourceTree = "<group>"; };
		0490E22628CDF36D0061FBF3 /* Collection.swift */ = {isa = PBXFileReference; lastKnownFileType = sourcecode.swift; path = Collection.swift; sourceTree = "<group>"; };
		0490E23028CDFF230061FBF3 /* MKMultiPoint.swift */ = {isa = PBXFileReference; lastKnownFileType = sourcecode.swift; path = MKMultiPoint.swift; sourceTree = "<group>"; };
		0490E24928CE52F00061FBF3 /* Canal.swift */ = {isa = PBXFileReference; lastKnownFileType = sourcecode.swift; path = Canal.swift; sourceTree = "<group>"; };
		0490E24C28CE55070061FBF3 /* Row.swift */ = {isa = PBXFileReference; fileEncoding = 4; lastKnownFileType = sourcecode.swift; path = Row.swift; sourceTree = "<group>"; };
		0490E24E28CE585D0061FBF3 /* FloatingButtons.swift */ = {isa = PBXFileReference; lastKnownFileType = sourcecode.swift; path = FloatingButtons.swift; sourceTree = "<group>"; };
		0490E25028CE6DBA0061FBF3 /* CLLocationCoordinate2D.swift */ = {isa = PBXFileReference; lastKnownFileType = sourcecode.swift; path = CLLocationCoordinate2D.swift; sourceTree = "<group>"; };
		0490E25728CE77DF0061FBF3 /* Feature.swift */ = {isa = PBXFileReference; lastKnownFileType = sourcecode.swift; path = Feature.swift; sourceTree = "<group>"; };
		0490E25F28CE7F140061FBF3 /* NSObject.swift */ = {isa = PBXFileReference; lastKnownFileType = sourcecode.swift; path = NSObject.swift; sourceTree = "<group>"; };
		04E885FB28D5233400493649 /* Annotation.swift */ = {isa = PBXFileReference; lastKnownFileType = sourcecode.swift; path = Annotation.swift; sourceTree = "<group>"; };
		04E885FD28D5C55000493649 /* Speed.swift */ = {isa = PBXFileReference; lastKnownFileType = sourcecode.swift; path = Speed.swift; sourceTree = "<group>"; };
/* End PBXFileReference section */

/* Begin PBXFrameworksBuildPhase section */
		0490E1CD28CDE86B0061FBF3 /* Frameworks */ = {
			isa = PBXFrameworksBuildPhase;
			buildActionMask = 2147483647;
			files = (
			);
			runOnlyForDeploymentPostprocessing = 0;
		};
/* End PBXFrameworksBuildPhase section */

/* Begin PBXGroup section */
		040BBAB828CFCA8600F8E2F6 /* Feature */ = {
			isa = PBXGroup;
			children = (
				040BBAB928CFCA9200F8E2F6 /* EditFeatureView.swift */,
				040BBABF28CFD22200F8E2F6 /* FeatureTypeRow.swift */,
				040BBABD28CFCAE500F8E2F6 /* MapBox.swift */,
				040BBABB28CFCA9B00F8E2F6 /* EditFeatureVM.swift */,
			);
			path = Feature;
			sourceTree = "<group>";
		};
		041A58B228D73D1A0056D79C /* Info */ = {
			isa = PBXGroup;
			children = (
				041A58B028D73D0A0056D79C /* InfoView.swift */,
				041A58B328D73D2D0056D79C /* ShareView.swift */,
			);
			path = Info;
			sourceTree = "<group>";
		};
		0490E1C728CDE86B0061FBF3 = {
			isa = PBXGroup;
			children = (
				0490E1D228CDE86B0061FBF3 /* Paddle */,
				0490E1D128CDE86B0061FBF3 /* Products */,
			);
			sourceTree = "<group>";
		};
		0490E1D128CDE86B0061FBF3 /* Products */ = {
			isa = PBXGroup;
			children = (
				0490E1D028CDE86B0061FBF3 /* Paddle.app */,
			);
			name = Products;
			sourceTree = "<group>";
		};
		0490E1D228CDE86B0061FBF3 /* Paddle */ = {
			isa = PBXGroup;
			children = (
				040BBAC928D2777000F8E2F6 /* Info.plist */,
				0490E1D328CDE86B0061FBF3 /* PaddleApp.swift */,
				040BBAC728D274E600F8E2F6 /* Launch Screen.storyboard */,
				0490E1D728CDE86C0061FBF3 /* Assets.xcassets */,
				040BBAAF28CF9AB700F8E2F6 /* Paddle.xcdatamodeld */,
				0490E23828CE4A830061FBF3 /* Views */,
				0490E23928CE4A880061FBF3 /* Models */,
				0490E23A28CE4A8D0061FBF3 /* Extensions */,
				0490E25228CE77790061FBF3 /* Data */,
			);
			path = Paddle;
			sourceTree = "<group>";
		};
		0490E23828CE4A830061FBF3 /* Views */ = {
			isa = PBXGroup;
			children = (
				0490E21E28CDF0B20061FBF3 /* RootView.swift */,
				0490E22228CDF1130061FBF3 /* MapView.swift */,
				040BBAD028D3D02500F8E2F6 /* CanalTitle.swift */,
				0490E24E28CE585D0061FBF3 /* FloatingButtons.swift */,
				041A58B228D73D1A0056D79C /* Info */,
				040BBAB828CFCA8600F8E2F6 /* Feature */,
				0490E24B28CE54F60061FBF3 /* Extra */,
			);
			path = Views;
			sourceTree = "<group>";
		};
		0490E23928CE4A880061FBF3 /* Models */ = {
			isa = PBXGroup;
			children = (
				0490E22028CDF0CB0061FBF3 /* ViewModel.swift */,
				04E885FD28D5C55000493649 /* Speed.swift */,
				040BBAB628CFC65A00F8E2F6 /* Haptics.swift */,
				0490E24928CE52F00061FBF3 /* Canal.swift */,
				041A58C128DB28640056D79C /* Polyline.swift */,
				0490E25728CE77DF0061FBF3 /* Feature.swift */,
				040BBAC528D12FC400F8E2F6 /* FeatureView.swift */,
				04E885FB28D5233400493649 /* Annotation.swift */,
			);
			path = Models;
			sourceTree = "<group>";
		};
		0490E23A28CE4A8D0061FBF3 /* Extensions */ = {
			isa = PBXGroup;
			children = (
				0490E23028CDFF230061FBF3 /* MKMultiPoint.swift */,
				0435E85C28E07A080063A048 /* Double.swift */,
				040BBAC128D11BC300F8E2F6 /* View.swift */,
				0490E25028CE6DBA0061FBF3 /* CLLocationCoordinate2D.swift */,
				0490E22628CDF36D0061FBF3 /* Collection.swift */,
				0490E25F28CE7F140061FBF3 /* NSObject.swift */,
			);
			path = Extensions;
			sourceTree = "<group>";
		};
		0490E24B28CE54F60061FBF3 /* Extra */ = {
			isa = PBXGroup;
			children = (
				0490E24C28CE55070061FBF3 /* Row.swift */,
				040BBAC328D128D200F8E2F6 /* Blur.swift */,
				040BBACC28D28A8100F8E2F6 /* SearchBar.swift */,
				0435E85A28DFB47F0063A048 /* DistanceLabel.swift */,
			);
			path = Extra;
			sourceTree = "<group>";
		};
		0490E25228CE77790061FBF3 /* Data */ = {
			isa = PBXGroup;
			children = (
				041A58BE28DB27380056D79C /* Locks.json */,
				041A58BD28DB27380056D79C /* Weirs.json */,
				041A58C328DB30C60056D79C /* Canals.json */,
			);
			path = Data;
			sourceTree = "<group>";
		};
/* End PBXGroup section */

/* Begin PBXNativeTarget section */
		0490E1CF28CDE86B0061FBF3 /* Paddle */ = {
			isa = PBXNativeTarget;
			buildConfigurationList = 0490E1DE28CDE86C0061FBF3 /* Build configuration list for PBXNativeTarget "Paddle" */;
			buildPhases = (
				0490E1CC28CDE86B0061FBF3 /* Sources */,
				0490E1CD28CDE86B0061FBF3 /* Frameworks */,
				0490E1CE28CDE86B0061FBF3 /* Resources */,
			);
			buildRules = (
			);
			dependencies = (
			);
			name = Paddle;
			productName = Paddle;
			productReference = 0490E1D028CDE86B0061FBF3 /* Paddle.app */;
			productType = "com.apple.product-type.application";
		};
/* End PBXNativeTarget section */

/* Begin PBXProject section */
		0490E1C828CDE86B0061FBF3 /* Project object */ = {
			isa = PBXProject;
			attributes = {
				BuildIndependentTargetsInParallel = 1;
				LastSwiftUpdateCheck = 1340;
				LastUpgradeCheck = 1340;
				TargetAttributes = {
					0490E1CF28CDE86B0061FBF3 = {
						CreatedOnToolsVersion = 13.4.1;
					};
				};
			};
			buildConfigurationList = 0490E1CB28CDE86B0061FBF3 /* Build configuration list for PBXProject "Paddle" */;
			compatibilityVersion = "Xcode 13.0";
			developmentRegion = en;
			hasScannedForEncodings = 0;
			knownRegions = (
				en,
				Base,
			);
			mainGroup = 0490E1C728CDE86B0061FBF3;
			productRefGroup = 0490E1D128CDE86B0061FBF3 /* Products */;
			projectDirPath = "";
			projectRoot = "";
			targets = (
				0490E1CF28CDE86B0061FBF3 /* Paddle */,
			);
		};
/* End PBXProject section */

/* Begin PBXResourcesBuildPhase section */
		0490E1CE28CDE86B0061FBF3 /* Resources */ = {
			isa = PBXResourcesBuildPhase;
			buildActionMask = 2147483647;
			files = (
				041A58BF28DB27380056D79C /* Weirs.json in Resources */,
				041A58C028DB27380056D79C /* Locks.json in Resources */,
				041A58C428DB30C60056D79C /* Canals.json in Resources */,
				0490E1D828CDE86C0061FBF3 /* Assets.xcassets in Resources */,
				040BBAC828D274E600F8E2F6 /* Launch Screen.storyboard in Resources */,
			);
			runOnlyForDeploymentPostprocessing = 0;
		};
/* End PBXResourcesBuildPhase section */

/* Begin PBXSourcesBuildPhase section */
		0490E1CC28CDE86B0061FBF3 /* Sources */ = {
			isa = PBXSourcesBuildPhase;
			buildActionMask = 2147483647;
			files = (
				0490E21F28CDF0B20061FBF3 /* RootView.swift in Sources */,
				0490E22328CDF1130061FBF3 /* MapView.swift in Sources */,
				040BBAC428D128D200F8E2F6 /* Blur.swift in Sources */,
				04E885FE28D5C55000493649 /* Speed.swift in Sources */,
				0490E22728CDF36D0061FBF3 /* Collection.swift in Sources */,
				040BBABA28CFCA9200F8E2F6 /* EditFeatureView.swift in Sources */,
				040BBABC28CFCA9B00F8E2F6 /* EditFeatureVM.swift in Sources */,
				0490E26028CE7F140061FBF3 /* NSObject.swift in Sources */,
				040BBAC228D11BC300F8E2F6 /* View.swift in Sources */,
				040BBABE28CFCAE500F8E2F6 /* MapBox.swift in Sources */,
				040BBACD28D28A8100F8E2F6 /* SearchBar.swift in Sources */,
				040BBAB128CF9AB700F8E2F6 /* Paddle.xcdatamodeld in Sources */,
				0435E85B28DFB47F0063A048 /* DistanceLabel.swift in Sources */,
				040BBAC628D12FC400F8E2F6 /* FeatureView.swift in Sources */,
				0490E24F28CE585D0061FBF3 /* FloatingButtons.swift in Sources */,
				0490E25128CE6DBA0061FBF3 /* CLLocationCoordinate2D.swift in Sources */,
				0490E24A28CE52F00061FBF3 /* Canal.swift in Sources */,
				0490E22128CDF0CB0061FBF3 /* ViewModel.swift in Sources */,
				0490E23128CDFF230061FBF3 /* MKMultiPoint.swift in Sources */,
				041A58B128D73D0A0056D79C /* InfoView.swift in Sources */,
				040BBAC028CFD22200F8E2F6 /* FeatureTypeRow.swift in Sources */,
				0490E24D28CE55070061FBF3 /* Row.swift in Sources */,
				040BBAB728CFC65A00F8E2F6 /* Haptics.swift in Sources */,
				0490E25828CE77DF0061FBF3 /* Feature.swift in Sources */,
				040BBAD128D3D02500F8E2F6 /* CanalTitle.swift in Sources */,
				041A58B428D73D2D0056D79C /* ShareView.swift in Sources */,
				041A58C228DB28640056D79C /* Polyline.swift in Sources */,
				04E885FC28D5233400493649 /* Annotation.swift in Sources */,
				0435E85D28E07A080063A048 /* Double.swift in Sources */,
				0490E1D428CDE86B0061FBF3 /* PaddleApp.swift in Sources */,
			);
			runOnlyForDeploymentPostprocessing = 0;
		};
/* End PBXSourcesBuildPhase section */

/* Begin XCBuildConfiguration section */
		0490E1DC28CDE86C0061FBF3 /* Debug */ = {
			isa = XCBuildConfiguration;
			buildSettings = {
				ALWAYS_SEARCH_USER_PATHS = NO;
				CLANG_ANALYZER_NONNULL = YES;
				CLANG_ANALYZER_NUMBER_OBJECT_CONVERSION = YES_AGGRESSIVE;
				CLANG_CXX_LANGUAGE_STANDARD = "gnu++17";
				CLANG_ENABLE_MODULES = YES;
				CLANG_ENABLE_OBJC_ARC = YES;
				CLANG_ENABLE_OBJC_WEAK = YES;
				CLANG_WARN_BLOCK_CAPTURE_AUTORELEASING = YES;
				CLANG_WARN_BOOL_CONVERSION = YES;
				CLANG_WARN_COMMA = YES;
				CLANG_WARN_CONSTANT_CONVERSION = YES;
				CLANG_WARN_DEPRECATED_OBJC_IMPLEMENTATIONS = YES;
				CLANG_WARN_DIRECT_OBJC_ISA_USAGE = YES_ERROR;
				CLANG_WARN_DOCUMENTATION_COMMENTS = YES;
				CLANG_WARN_EMPTY_BODY = YES;
				CLANG_WARN_ENUM_CONVERSION = YES;
				CLANG_WARN_INFINITE_RECURSION = YES;
				CLANG_WARN_INT_CONVERSION = YES;
				CLANG_WARN_NON_LITERAL_NULL_CONVERSION = YES;
				CLANG_WARN_OBJC_IMPLICIT_RETAIN_SELF = YES;
				CLANG_WARN_OBJC_LITERAL_CONVERSION = YES;
				CLANG_WARN_OBJC_ROOT_CLASS = YES_ERROR;
				CLANG_WARN_QUOTED_INCLUDE_IN_FRAMEWORK_HEADER = YES;
				CLANG_WARN_RANGE_LOOP_ANALYSIS = YES;
				CLANG_WARN_STRICT_PROTOTYPES = YES;
				CLANG_WARN_SUSPICIOUS_MOVE = YES;
				CLANG_WARN_UNGUARDED_AVAILABILITY = YES_AGGRESSIVE;
				CLANG_WARN_UNREACHABLE_CODE = YES;
				CLANG_WARN__DUPLICATE_METHOD_MATCH = YES;
				COPY_PHASE_STRIP = NO;
				DEBUG_INFORMATION_FORMAT = dwarf;
				ENABLE_STRICT_OBJC_MSGSEND = YES;
				ENABLE_TESTABILITY = YES;
				GCC_C_LANGUAGE_STANDARD = gnu11;
				GCC_DYNAMIC_NO_PIC = NO;
				GCC_NO_COMMON_BLOCKS = YES;
				GCC_OPTIMIZATION_LEVEL = 0;
				GCC_PREPROCESSOR_DEFINITIONS = (
					"DEBUG=1",
					"$(inherited)",
				);
				GCC_WARN_64_TO_32_BIT_CONVERSION = YES;
				GCC_WARN_ABOUT_RETURN_TYPE = YES_ERROR;
				GCC_WARN_UNDECLARED_SELECTOR = YES;
				GCC_WARN_UNINITIALIZED_AUTOS = YES_AGGRESSIVE;
				GCC_WARN_UNUSED_FUNCTION = YES;
				GCC_WARN_UNUSED_VARIABLE = YES;
				IPHONEOS_DEPLOYMENT_TARGET = 15.5;
				MTL_ENABLE_DEBUG_INFO = INCLUDE_SOURCE;
				MTL_FAST_MATH = YES;
				ONLY_ACTIVE_ARCH = YES;
				SDKROOT = iphoneos;
				SWIFT_ACTIVE_COMPILATION_CONDITIONS = DEBUG;
				SWIFT_OPTIMIZATION_LEVEL = "-Onone";
			};
			name = Debug;
		};
		0490E1DD28CDE86C0061FBF3 /* Release */ = {
			isa = XCBuildConfiguration;
			buildSettings = {
				ALWAYS_SEARCH_USER_PATHS = NO;
				CLANG_ANALYZER_NONNULL = YES;
				CLANG_ANALYZER_NUMBER_OBJECT_CONVERSION = YES_AGGRESSIVE;
				CLANG_CXX_LANGUAGE_STANDARD = "gnu++17";
				CLANG_ENABLE_MODULES = YES;
				CLANG_ENABLE_OBJC_ARC = YES;
				CLANG_ENABLE_OBJC_WEAK = YES;
				CLANG_WARN_BLOCK_CAPTURE_AUTORELEASING = YES;
				CLANG_WARN_BOOL_CONVERSION = YES;
				CLANG_WARN_COMMA = YES;
				CLANG_WARN_CONSTANT_CONVERSION = YES;
				CLANG_WARN_DEPRECATED_OBJC_IMPLEMENTATIONS = YES;
				CLANG_WARN_DIRECT_OBJC_ISA_USAGE = YES_ERROR;
				CLANG_WARN_DOCUMENTATION_COMMENTS = YES;
				CLANG_WARN_EMPTY_BODY = YES;
				CLANG_WARN_ENUM_CONVERSION = YES;
				CLANG_WARN_INFINITE_RECURSION = YES;
				CLANG_WARN_INT_CONVERSION = YES;
				CLANG_WARN_NON_LITERAL_NULL_CONVERSION = YES;
				CLANG_WARN_OBJC_IMPLICIT_RETAIN_SELF = YES;
				CLANG_WARN_OBJC_LITERAL_CONVERSION = YES;
				CLANG_WARN_OBJC_ROOT_CLASS = YES_ERROR;
				CLANG_WARN_QUOTED_INCLUDE_IN_FRAMEWORK_HEADER = YES;
				CLANG_WARN_RANGE_LOOP_ANALYSIS = YES;
				CLANG_WARN_STRICT_PROTOTYPES = YES;
				CLANG_WARN_SUSPICIOUS_MOVE = YES;
				CLANG_WARN_UNGUARDED_AVAILABILITY = YES_AGGRESSIVE;
				CLANG_WARN_UNREACHABLE_CODE = YES;
				CLANG_WARN__DUPLICATE_METHOD_MATCH = YES;
				COPY_PHASE_STRIP = NO;
				DEBUG_INFORMATION_FORMAT = "dwarf-with-dsym";
				ENABLE_NS_ASSERTIONS = NO;
				ENABLE_STRICT_OBJC_MSGSEND = YES;
				GCC_C_LANGUAGE_STANDARD = gnu11;
				GCC_NO_COMMON_BLOCKS = YES;
				GCC_WARN_64_TO_32_BIT_CONVERSION = YES;
				GCC_WARN_ABOUT_RETURN_TYPE = YES_ERROR;
				GCC_WARN_UNDECLARED_SELECTOR = YES;
				GCC_WARN_UNINITIALIZED_AUTOS = YES_AGGRESSIVE;
				GCC_WARN_UNUSED_FUNCTION = YES;
				GCC_WARN_UNUSED_VARIABLE = YES;
				IPHONEOS_DEPLOYMENT_TARGET = 15.5;
				MTL_ENABLE_DEBUG_INFO = NO;
				MTL_FAST_MATH = YES;
				SDKROOT = iphoneos;
				SWIFT_COMPILATION_MODE = wholemodule;
				SWIFT_OPTIMIZATION_LEVEL = "-O";
				VALIDATE_PRODUCT = YES;
			};
			name = Release;
		};
		0490E1DF28CDE86C0061FBF3 /* Debug */ = {
			isa = XCBuildConfiguration;
			buildSettings = {
				ASSETCATALOG_COMPILER_APPICON_NAME = AppIcon;
				ASSETCATALOG_COMPILER_GLOBAL_ACCENT_COLOR_NAME = AccentColor;
				CODE_SIGN_STYLE = Automatic;
				CURRENT_PROJECT_VERSION = 1;
				DEVELOPMENT_ASSET_PATHS = "";
				DEVELOPMENT_TEAM = 4CQW4CFFYT;
				ENABLE_PREVIEWS = YES;
				GENERATE_INFOPLIST_FILE = YES;
				INFOPLIST_FILE = Paddle/Info.plist;
				INFOPLIST_KEY_NSLocationWhenInUseUsageDescription = "Your location is shown on the map";
				INFOPLIST_KEY_UIApplicationSceneManifest_Generation = YES;
				INFOPLIST_KEY_UIApplicationSupportsIndirectInputEvents = YES;
				INFOPLIST_KEY_UILaunchStoryboardName = "Launch Screen";
				INFOPLIST_KEY_UISupportedInterfaceOrientations_iPad = "UIInterfaceOrientationPortrait UIInterfaceOrientationPortraitUpsideDown UIInterfaceOrientationLandscapeLeft UIInterfaceOrientationLandscapeRight";
				INFOPLIST_KEY_UISupportedInterfaceOrientations_iPhone = "UIInterfaceOrientationPortrait UIInterfaceOrientationLandscapeLeft UIInterfaceOrientationLandscapeRight";
				IPHONEOS_DEPLOYMENT_TARGET = 15.0;
				LD_RUNPATH_SEARCH_PATHS = (
					"$(inherited)",
					"@executable_path/Frameworks",
				);
				MARKETING_VERSION = 1.0;
				PRODUCT_BUNDLE_IDENTIFIER = com.jackfinnis.Paddle;
				PRODUCT_NAME = "$(TARGET_NAME)";
				SWIFT_EMIT_LOC_STRINGS = YES;
				SWIFT_VERSION = 5.0;
				TARGETED_DEVICE_FAMILY = "1,2";
			};
			name = Debug;
		};
		0490E1E028CDE86C0061FBF3 /* Release */ = {
			isa = XCBuildConfiguration;
			buildSettings = {
				ASSETCATALOG_COMPILER_APPICON_NAME = AppIcon;
				ASSETCATALOG_COMPILER_GLOBAL_ACCENT_COLOR_NAME = AccentColor;
				CODE_SIGN_STYLE = Automatic;
				CURRENT_PROJECT_VERSION = 1;
				DEVELOPMENT_ASSET_PATHS = "";
				DEVELOPMENT_TEAM = 4CQW4CFFYT;
				ENABLE_PREVIEWS = YES;
				GENERATE_INFOPLIST_FILE = YES;
				INFOPLIST_FILE = Paddle/Info.plist;
				INFOPLIST_KEY_NSLocationWhenInUseUsageDescription = "Your location is shown on the map";
				INFOPLIST_KEY_UIApplicationSceneManifest_Generation = YES;
				INFOPLIST_KEY_UIApplicationSupportsIndirectInputEvents = YES;
				INFOPLIST_KEY_UILaunchStoryboardName = "Launch Screen";
				INFOPLIST_KEY_UISupportedInterfaceOrientations_iPad = "UIInterfaceOrientationPortrait UIInterfaceOrientationPortraitUpsideDown UIInterfaceOrientationLandscapeLeft UIInterfaceOrientationLandscapeRight";
				INFOPLIST_KEY_UISupportedInterfaceOrientations_iPhone = "UIInterfaceOrientationPortrait UIInterfaceOrientationLandscapeLeft UIInterfaceOrientationLandscapeRight";
				IPHONEOS_DEPLOYMENT_TARGET = 15.0;
				LD_RUNPATH_SEARCH_PATHS = (
					"$(inherited)",
					"@executable_path/Frameworks",
				);
				MARKETING_VERSION = 1.0;
				PRODUCT_BUNDLE_IDENTIFIER = com.jackfinnis.Paddle;
				PRODUCT_NAME = "$(TARGET_NAME)";
				SWIFT_EMIT_LOC_STRINGS = YES;
				SWIFT_VERSION = 5.0;
				TARGETED_DEVICE_FAMILY = "1,2";
			};
			name = Release;
		};
/* End XCBuildConfiguration section */

/* Begin XCConfigurationList section */
		0490E1CB28CDE86B0061FBF3 /* Build configuration list for PBXProject "Paddle" */ = {
			isa = XCConfigurationList;
			buildConfigurations = (
				0490E1DC28CDE86C0061FBF3 /* Debug */,
				0490E1DD28CDE86C0061FBF3 /* Release */,
			);
			defaultConfigurationIsVisible = 0;
			defaultConfigurationName = Release;
		};
		0490E1DE28CDE86C0061FBF3 /* Build configuration list for PBXNativeTarget "Paddle" */ = {
			isa = XCConfigurationList;
			buildConfigurations = (
				0490E1DF28CDE86C0061FBF3 /* Debug */,
				0490E1E028CDE86C0061FBF3 /* Release */,
			);
			defaultConfigurationIsVisible = 0;
			defaultConfigurationName = Release;
		};
/* End XCConfigurationList section */

/* Begin XCVersionGroup section */
		040BBAAF28CF9AB700F8E2F6 /* Paddle.xcdatamodeld */ = {
			isa = XCVersionGroup;
			children = (
				040BBAB028CF9AB700F8E2F6 /* Main.xcdatamodel */,
			);
			currentVersion = 040BBAB028CF9AB700F8E2F6 /* Main.xcdatamodel */;
			path = Paddle.xcdatamodeld;
			sourceTree = "<group>";
			versionGroupType = wrapper.xcdatamodel;
		};
/* End XCVersionGroup section */
	};
	rootObject = 0490E1C828CDE86B0061FBF3 /* Project object */;
}
